
Microsoft Visual Studio Solution File, Format Version 12.00
# Visual Studio Version 17
VisualStudioVersion = 17.3.32901.215
MinimumVisualStudioVersion = 10.0.40219.1
Project("{FAE04EC0-301F-11D3-BF4B-00C04F79EFBC}") = "ZoneColorChanger", "ZoneColour\ZoneColorChanger.csproj", "{16B79D3E-2342-4A48-986B-36DEE08E8498}"
EndProject
Global
	GlobalSection(SolutionConfigurationPlatforms) = preSolution
		Debug|Any CPU = Debug|Any CPU
		Release|Any CPU = Release|Any CPU
	EndGlobalSection
	GlobalSection(ProjectConfigurationPlatforms) = postSolution
		{16B79D3E-2342-4A48-986B-36DEE08E8498}.Debug|Any CPU.ActiveCfg = Debug|Any CPU
		{16B79D3E-2342-4A48-986B-36DEE08E8498}.Debug|Any CPU.Build.0 = Debug|Any CPU
		{16B79D3E-2342-4A48-986B-36DEE08E8498}.Release|Any CPU.ActiveCfg = Release|Any CPU
		{16B79D3E-2342-4A48-986B-36DEE08E8498}.Release|Any CPU.Build.0 = Release|Any CPU
	EndGlobalSection
	GlobalSection(SolutionProperties) = preSolution
		HideSolutionNode = FALSE
	EndGlobalSection
	GlobalSection(ExtensibilityGlobals) = postSolution
		SolutionGuid = {5F903FBB-B6EE-4D47-A3A9-ACECFD5A821E}
	EndGlobalSection
EndGlobal
